// !$*UTF8*$!
{
	archiveVersion = 1;
	classes = {
	};
	objectVersion = 46;
	objects = {

/* Begin PBXBuildFile section */
		429CD2AE182FE5780008D65B /* Foundation.framework in Frameworks */ = {isa = PBXBuildFile; fileRef = 429CD2AD182FE5780008D65B /* Foundation.framework */; };
		429CD2B0182FE5780008D65B /* CoreGraphics.framework in Frameworks */ = {isa = PBXBuildFile; fileRef = 429CD2AF182FE5780008D65B /* CoreGraphics.framework */; };
		429CD2B2182FE5780008D65B /* UIKit.framework in Frameworks */ = {isa = PBXBuildFile; fileRef = 429CD2B1182FE5780008D65B /* UIKit.framework */; };
		429CD2B8182FE5780008D65B /* InfoPlist.strings in Resources */ = {isa = PBXBuildFile; fileRef = 429CD2B6182FE5780008D65B /* InfoPlist.strings */; };
		429CD2BA182FE5780008D65B /* main.m in Sources */ = {isa = PBXBuildFile; fileRef = 429CD2B9182FE5780008D65B /* main.m */; };
		429CD2BE182FE5780008D65B /* AppDelegate.m in Sources */ = {isa = PBXBuildFile; fileRef = 429CD2BD182FE5780008D65B /* AppDelegate.m */; };
		429CD2C0182FE5780008D65B /* Images.xcassets in Resources */ = {isa = PBXBuildFile; fileRef = 429CD2BF182FE5780008D65B /* Images.xcassets */; };
		429CD2C7182FE5780008D65B /* XCTest.framework in Frameworks */ = {isa = PBXBuildFile; fileRef = 429CD2C6182FE5780008D65B /* XCTest.framework */; };
		429CD2C8182FE5780008D65B /* Foundation.framework in Frameworks */ = {isa = PBXBuildFile; fileRef = 429CD2AD182FE5780008D65B /* Foundation.framework */; };
		429CD2C9182FE5780008D65B /* UIKit.framework in Frameworks */ = {isa = PBXBuildFile; fileRef = 429CD2B1182FE5780008D65B /* UIKit.framework */; };
		429CD2D1182FE5780008D65B /* InfoPlist.strings in Resources */ = {isa = PBXBuildFile; fileRef = 429CD2CF182FE5780008D65B /* InfoPlist.strings */; };
		429CD2D3182FE5780008D65B /* PinterestFeatureTests.m in Sources */ = {isa = PBXBuildFile; fileRef = 429CD2D2182FE5780008D65B /* PinterestFeatureTests.m */; };
		429CD2DE182FE7250008D65B /* MainViewController.m in Sources */ = {isa = PBXBuildFile; fileRef = 429CD2DD182FE7250008D65B /* MainViewController.m */; };
		429CD2E1182FE8800008D65B /* PinterestButtonsView.m in Sources */ = {isa = PBXBuildFile; fileRef = 429CD2E0182FE8800008D65B /* PinterestButtonsView.m */; };
/* End PBXBuildFile section */

/* Begin PBXContainerItemProxy section */
		429CD2CA182FE5780008D65B /* PBXContainerItemProxy */ = {
			isa = PBXContainerItemProxy;
			containerPortal = 429CD2A2182FE5780008D65B /* Project object */;
			proxyType = 1;
			remoteGlobalIDString = 429CD2A9182FE5780008D65B;
			remoteInfo = PinterestFeature;
		};
/* End PBXContainerItemProxy section */

/* Begin PBXFileReference section */
		429CD2AA182FE5780008D65B /* PinterestFeature.app */ = {isa = PBXFileReference; explicitFileType = wrapper.application; includeInIndex = 0; path = PinterestFeature.app; sourceTree = BUILT_PRODUCTS_DIR; };
		429CD2AD182FE5780008D65B /* Foundation.framework */ = {isa = PBXFileReference; lastKnownFileType = wrapper.framework; name = Foundation.framework; path = System/Library/Frameworks/Foundation.framework; sourceTree = SDKROOT; };
		429CD2AF182FE5780008D65B /* CoreGraphics.framework */ = {isa = PBXFileReference; lastKnownFileType = wrapper.framework; name = CoreGraphics.framework; path = System/Library/Frameworks/CoreGraphics.framework; sourceTree = SDKROOT; };
		429CD2B1182FE5780008D65B /* UIKit.framework */ = {isa = PBXFileReference; lastKnownFileType = wrapper.framework; name = UIKit.framework; path = System/Library/Frameworks/UIKit.framework; sourceTree = SDKROOT; };
		429CD2B5182FE5780008D65B /* PinterestFeature-Info.plist */ = {isa = PBXFileReference; lastKnownFileType = text.plist.xml; path = "PinterestFeature-Info.plist"; sourceTree = "<group>"; };
		429CD2B7182FE5780008D65B /* en */ = {isa = PBXFileReference; lastKnownFileType = text.plist.strings; name = en; path = en.lproj/InfoPlist.strings; sourceTree = "<group>"; };
		429CD2B9182FE5780008D65B /* main.m */ = {isa = PBXFileReference; lastKnownFileType = sourcecode.c.objc; path = main.m; sourceTree = "<group>"; };
		429CD2BB182FE5780008D65B /* PinterestFeature-Prefix.pch */ = {isa = PBXFileReference; lastKnownFileType = sourcecode.c.h; path = "PinterestFeature-Prefix.pch"; sourceTree = "<group>"; };
		429CD2BC182FE5780008D65B /* AppDelegate.h */ = {isa = PBXFileReference; lastKnownFileType = sourcecode.c.h; path = AppDelegate.h; sourceTree = "<group>"; };
		429CD2BD182FE5780008D65B /* AppDelegate.m */ = {isa = PBXFileReference; lastKnownFileType = sourcecode.c.objc; path = AppDelegate.m; sourceTree = "<group>"; };
		429CD2BF182FE5780008D65B /* Images.xcassets */ = {isa = PBXFileReference; lastKnownFileType = folder.assetcatalog; path = Images.xcassets; sourceTree = "<group>"; };
		429CD2C5182FE5780008D65B /* PinterestFeatureTests.xctest */ = {isa = PBXFileReference; explicitFileType = wrapper.cfbundle; includeInIndex = 0; path = PinterestFeatureTests.xctest; sourceTree = BUILT_PRODUCTS_DIR; };
		429CD2C6182FE5780008D65B /* XCTest.framework */ = {isa = PBXFileReference; lastKnownFileType = wrapper.framework; name = XCTest.framework; path = Library/Frameworks/XCTest.framework; sourceTree = DEVELOPER_DIR; };
		429CD2CE182FE5780008D65B /* PinterestFeatureTests-Info.plist */ = {isa = PBXFileReference; lastKnownFileType = text.plist.xml; path = "PinterestFeatureTests-Info.plist"; sourceTree = "<group>"; };
		429CD2D0182FE5780008D65B /* en */ = {isa = PBXFileReference; lastKnownFileType = text.plist.strings; name = en; path = en.lproj/InfoPlist.strings; sourceTree = "<group>"; };
		429CD2D2182FE5780008D65B /* PinterestFeatureTests.m */ = {isa = PBXFileReference; lastKnownFileType = sourcecode.c.objc; path = PinterestFeatureTests.m; sourceTree = "<group>"; };
		429CD2DC182FE7250008D65B /* MainViewController.h */ = {isa = PBXFileReference; fileEncoding = 4; lastKnownFileType = sourcecode.c.h; path = MainViewController.h; sourceTree = "<group>"; };
		429CD2DD182FE7250008D65B /* MainViewController.m */ = {isa = PBXFileReference; fileEncoding = 4; lastKnownFileType = sourcecode.c.objc; path = MainViewController.m; sourceTree = "<group>"; };
		429CD2DF182FE8800008D65B /* PinterestButtonsView.h */ = {isa = PBXFileReference; fileEncoding = 4; lastKnownFileType = sourcecode.c.h; path = PinterestButtonsView.h; sourceTree = "<group>"; };
		429CD2E0182FE8800008D65B /* PinterestButtonsView.m */ = {isa = PBXFileReference; fileEncoding = 4; lastKnownFileType = sourcecode.c.objc; path = PinterestButtonsView.m; sourceTree = "<group>"; };
/* End PBXFileReference section */

/* Begin PBXFrameworksBuildPhase section */
		429CD2A7182FE5780008D65B /* Frameworks */ = {
			isa = PBXFrameworksBuildPhase;
			buildActionMask = 2147483647;
			files = (
				429CD2B0182FE5780008D65B /* CoreGraphics.framework in Frameworks */,
				429CD2B2182FE5780008D65B /* UIKit.framework in Frameworks */,
				429CD2AE182FE5780008D65B /* Foundation.framework in Frameworks */,
			);
			runOnlyForDeploymentPostprocessing = 0;
		};
		429CD2C2182FE5780008D65B /* Frameworks */ = {
			isa = PBXFrameworksBuildPhase;
			buildActionMask = 2147483647;
			files = (
				429CD2C7182FE5780008D65B /* XCTest.framework in Frameworks */,
				429CD2C9182FE5780008D65B /* UIKit.framework in Frameworks */,
				429CD2C8182FE5780008D65B /* Foundation.framework in Frameworks */,
			);
			runOnlyForDeploymentPostprocessing = 0;
		};
/* End PBXFrameworksBuildPhase section */

/* Begin PBXGroup section */
		429CD2A1182FE5780008D65B = {
			isa = PBXGroup;
			children = (
				429CD2B3182FE5780008D65B /* PinterestFeature */,
				429CD2CC182FE5780008D65B /* PinterestFeatureTests */,
				429CD2AC182FE5780008D65B /* Frameworks */,
				429CD2AB182FE5780008D65B /* Products */,
			);
			sourceTree = "<group>";
		};
		429CD2AB182FE5780008D65B /* Products */ = {
			isa = PBXGroup;
			children = (
				429CD2AA182FE5780008D65B /* PinterestFeature.app */,
				429CD2C5182FE5780008D65B /* PinterestFeatureTests.xctest */,
			);
			name = Products;
			sourceTree = "<group>";
		};
		429CD2AC182FE5780008D65B /* Frameworks */ = {
			isa = PBXGroup;
			children = (
				429CD2AD182FE5780008D65B /* Foundation.framework */,
				429CD2AF182FE5780008D65B /* CoreGraphics.framework */,
				429CD2B1182FE5780008D65B /* UIKit.framework */,
				429CD2C6182FE5780008D65B /* XCTest.framework */,
			);
			name = Frameworks;
			sourceTree = "<group>";
		};
		429CD2B3182FE5780008D65B /* PinterestFeature */ = {
			isa = PBXGroup;
			children = (
				429CD2BC182FE5780008D65B /* AppDelegate.h */,
				429CD2BD182FE5780008D65B /* AppDelegate.m */,
				429CD2DC182FE7250008D65B /* MainViewController.h */,
				429CD2DD182FE7250008D65B /* MainViewController.m */,
				429CD2E2182FE9C40008D65B /* PinterestButtons */,
				429CD2BF182FE5780008D65B /* Images.xcassets */,
				429CD2B4182FE5780008D65B /* Supporting Files */,
			);
			path = PinterestFeature;
			sourceTree = "<group>";
		};
		429CD2B4182FE5780008D65B /* Supporting Files */ = {
			isa = PBXGroup;
			children = (
				429CD2B5182FE5780008D65B /* PinterestFeature-Info.plist */,
				429CD2B6182FE5780008D65B /* InfoPlist.strings */,
				429CD2B9182FE5780008D65B /* main.m */,
				429CD2BB182FE5780008D65B /* PinterestFeature-Prefix.pch */,
			);
			name = "Supporting Files";
			sourceTree = "<group>";
		};
		429CD2CC182FE5780008D65B /* PinterestFeatureTests */ = {
			isa = PBXGroup;
			children = (
				429CD2D2182FE5780008D65B /* PinterestFeatureTests.m */,
				429CD2CD182FE5780008D65B /* Supporting Files */,
			);
			path = PinterestFeatureTests;
			sourceTree = "<group>";
		};
		429CD2CD182FE5780008D65B /* Supporting Files */ = {
			isa = PBXGroup;
			children = (
				429CD2CE182FE5780008D65B /* PinterestFeatureTests-Info.plist */,
				429CD2CF182FE5780008D65B /* InfoPlist.strings */,
			);
			name = "Supporting Files";
			sourceTree = "<group>";
		};
		429CD2E2182FE9C40008D65B /* PinterestButtons */ = {
			isa = PBXGroup;
			children = (
				429CD2DF182FE8800008D65B /* PinterestButtonsView.h */,
				429CD2E0182FE8800008D65B /* PinterestButtonsView.m */,
			);
			name = PinterestButtons;
			sourceTree = "<group>";
		};
/* End PBXGroup section */

/* Begin PBXNativeTarget section */
		429CD2A9182FE5780008D65B /* PinterestFeature */ = {
			isa = PBXNativeTarget;
			buildConfigurationList = 429CD2D6182FE5780008D65B /* Build configuration list for PBXNativeTarget "PinterestFeature" */;
			buildPhases = (
				429CD2A6182FE5780008D65B /* Sources */,
				429CD2A7182FE5780008D65B /* Frameworks */,
				429CD2A8182FE5780008D65B /* Resources */,
			);
			buildRules = (
			);
			dependencies = (
			);
			name = PinterestFeature;
			productName = PinterestFeature;
			productReference = 429CD2AA182FE5780008D65B /* PinterestFeature.app */;
			productType = "com.apple.product-type.application";
		};
		429CD2C4182FE5780008D65B /* PinterestFeatureTests */ = {
			isa = PBXNativeTarget;
			buildConfigurationList = 429CD2D9182FE5780008D65B /* Build configuration list for PBXNativeTarget "PinterestFeatureTests" */;
			buildPhases = (
				429CD2C1182FE5780008D65B /* Sources */,
				429CD2C2182FE5780008D65B /* Frameworks */,
				429CD2C3182FE5780008D65B /* Resources */,
			);
			buildRules = (
			);
			dependencies = (
				429CD2CB182FE5780008D65B /* PBXTargetDependency */,
			);
			name = PinterestFeatureTests;
			productName = PinterestFeatureTests;
			productReference = 429CD2C5182FE5780008D65B /* PinterestFeatureTests.xctest */;
			productType = "com.apple.product-type.bundle.unit-test";
		};
/* End PBXNativeTarget section */

/* Begin PBXProject section */
		429CD2A2182FE5780008D65B /* Project object */ = {
			isa = PBXProject;
			attributes = {
				LastUpgradeCheck = 0500;
				ORGANIZATIONNAME = "Tord Åsnes";
				TargetAttributes = {
					429CD2C4182FE5780008D65B = {
						TestTargetID = 429CD2A9182FE5780008D65B;
					};
				};
			};
			buildConfigurationList = 429CD2A5182FE5780008D65B /* Build configuration list for PBXProject "PinterestFeature" */;
			compatibilityVersion = "Xcode 3.2";
			developmentRegion = English;
			hasScannedForEncodings = 0;
			knownRegions = (
				en,
			);
			mainGroup = 429CD2A1182FE5780008D65B;
			productRefGroup = 429CD2AB182FE5780008D65B /* Products */;
			projectDirPath = "";
			projectRoot = "";
			targets = (
				429CD2A9182FE5780008D65B /* PinterestFeature */,
				429CD2C4182FE5780008D65B /* PinterestFeatureTests */,
			);
		};
/* End PBXProject section */

/* Begin PBXResourcesBuildPhase section */
		429CD2A8182FE5780008D65B /* Resources */ = {
			isa = PBXResourcesBuildPhase;
			buildActionMask = 2147483647;
			files = (
				429CD2B8182FE5780008D65B /* InfoPlist.strings in Resources */,
				429CD2C0182FE5780008D65B /* Images.xcassets in Resources */,
			);
			runOnlyForDeploymentPostprocessing = 0;
		};
		429CD2C3182FE5780008D65B /* Resources */ = {
			isa = PBXResourcesBuildPhase;
			buildActionMask = 2147483647;
			files = (
				429CD2D1182FE5780008D65B /* InfoPlist.strings in Resources */,
			);
			runOnlyForDeploymentPostprocessing = 0;
		};
/* End PBXResourcesBuildPhase section */

/* Begin PBXSourcesBuildPhase section */
		429CD2A6182FE5780008D65B /* Sources */ = {
			isa = PBXSourcesBuildPhase;
			buildActionMask = 2147483647;
			files = (
				429CD2BE182FE5780008D65B /* AppDelegate.m in Sources */,
				429CD2E1182FE8800008D65B /* PinterestButtonsView.m in Sources */,
				429CD2DE182FE7250008D65B /* MainViewController.m in Sources */,
				429CD2BA182FE5780008D65B /* main.m in Sources */,
			);
			runOnlyForDeploymentPostprocessing = 0;
		};
		429CD2C1182FE5780008D65B /* Sources */ = {
			isa = PBXSourcesBuildPhase;
			buildActionMask = 2147483647;
			files = (
				429CD2D3182FE5780008D65B /* PinterestFeatureTests.m in Sources */,
			);
			runOnlyForDeploymentPostprocessing = 0;
		};
/* End PBXSourcesBuildPhase section */

/* Begin PBXTargetDependency section */
		429CD2CB182FE5780008D65B /* PBXTargetDependency */ = {
			isa = PBXTargetDependency;
			target = 429CD2A9182FE5780008D65B /* PinterestFeature */;
			targetProxy = 429CD2CA182FE5780008D65B /* PBXContainerItemProxy */;
		};
/* End PBXTargetDependency section */

/* Begin PBXVariantGroup section */
		429CD2B6182FE5780008D65B /* InfoPlist.strings */ = {
			isa = PBXVariantGroup;
			children = (
				429CD2B7182FE5780008D65B /* en */,
			);
			name = InfoPlist.strings;
			sourceTree = "<group>";
		};
		429CD2CF182FE5780008D65B /* InfoPlist.strings */ = {
			isa = PBXVariantGroup;
			children = (
				429CD2D0182FE5780008D65B /* en */,
			);
			name = InfoPlist.strings;
			sourceTree = "<group>";
		};
/* End PBXVariantGroup section */

/* Begin XCBuildConfiguration section */
		429CD2D4182FE5780008D65B /* Debug */ = {
			isa = XCBuildConfiguration;
			buildSettings = {
				ALWAYS_SEARCH_USER_PATHS = NO;
				ARCHS = "$(ARCHS_STANDARD_INCLUDING_64_BIT)";
				CLANG_CXX_LANGUAGE_STANDARD = "gnu++0x";
				CLANG_CXX_LIBRARY = "libc++";
				CLANG_ENABLE_MODULES = YES;
				CLANG_ENABLE_OBJC_ARC = YES;
				CLANG_WARN_BOOL_CONVERSION = YES;
				CLANG_WARN_CONSTANT_CONVERSION = YES;
				CLANG_WARN_DIRECT_OBJC_ISA_USAGE = YES_ERROR;
				CLANG_WARN_EMPTY_BODY = YES;
				CLANG_WARN_ENUM_CONVERSION = YES;
				CLANG_WARN_INT_CONVERSION = YES;
				CLANG_WARN_OBJC_ROOT_CLASS = YES_ERROR;
				CLANG_WARN__DUPLICATE_METHOD_MATCH = YES;
				"CODE_SIGN_IDENTITY[sdk=iphoneos*]" = "iPhone Developer";
				COPY_PHASE_STRIP = NO;
				GCC_C_LANGUAGE_STANDARD = gnu99;
				GCC_DYNAMIC_NO_PIC = NO;
				GCC_OPTIMIZATION_LEVEL = 0;
				GCC_PREPROCESSOR_DEFINITIONS = (
					"DEBUG=1",
					"$(inherited)",
				);
				GCC_SYMBOLS_PRIVATE_EXTERN = NO;
				GCC_WARN_64_TO_32_BIT_CONVERSION = YES;
				GCC_WARN_ABOUT_RETURN_TYPE = YES_ERROR;
				GCC_WARN_UNDECLARED_SELECTOR = YES;
				GCC_WARN_UNINITIALIZED_AUTOS = YES;
				GCC_WARN_UNUSED_FUNCTION = YES;
				GCC_WARN_UNUSED_VARIABLE = YES;
				IPHONEOS_DEPLOYMENT_TARGET = 7.0;
				ONLY_ACTIVE_ARCH = YES;
				SDKROOT = iphoneos;
			};
			name = Debug;
		};
		429CD2D5182FE5780008D65B /* Release */ = {
			isa = XCBuildConfiguration;
			buildSettings = {
				ALWAYS_SEARCH_USER_PATHS = NO;
				ARCHS = "$(ARCHS_STANDARD_INCLUDING_64_BIT)";
				CLANG_CXX_LANGUAGE_STANDARD = "gnu++0x";
				CLANG_CXX_LIBRARY = "libc++";
				CLANG_ENABLE_MODULES = YES;
				CLANG_ENABLE_OBJC_ARC = YES;
				CLANG_WARN_BOOL_CONVERSION = YES;
				CLANG_WARN_CONSTANT_CONVERSION = YES;
				CLANG_WARN_DIRECT_OBJC_ISA_USAGE = YES_ERROR;
				CLANG_WARN_EMPTY_BODY = YES;
				CLANG_WARN_ENUM_CONVERSION = YES;
				CLANG_WARN_INT_CONVERSION = YES;
				CLANG_WARN_OBJC_ROOT_CLASS = YES_ERROR;
				CLANG_WARN__DUPLICATE_METHOD_MATCH = YES;
				"CODE_SIGN_IDENTITY[sdk=iphoneos*]" = "iPhone Developer";
				COPY_PHASE_STRIP = YES;
				ENABLE_NS_ASSERTIONS = NO;
				GCC_C_LANGUAGE_STANDARD = gnu99;
				GCC_WARN_64_TO_32_BIT_CONVERSION = YES;
				GCC_WARN_ABOUT_RETURN_TYPE = YES_ERROR;
				GCC_WARN_UNDECLARED_SELECTOR = YES;
				GCC_WARN_UNINITIALIZED_AUTOS = YES;
				GCC_WARN_UNUSED_FUNCTION = YES;
				GCC_WARN_UNUSED_VARIABLE = YES;
				IPHONEOS_DEPLOYMENT_TARGET = 7.0;
				SDKROOT = iphoneos;
				VALIDATE_PRODUCT = YES;
			};
			name = Release;
		};
		429CD2D7182FE5780008D65B /* Debug */ = {
			isa = XCBuildConfiguration;
			buildSettings = {
				ASSETCATALOG_COMPILER_APPICON_NAME = AppIcon;
				ASSETCATALOG_COMPILER_LAUNCHIMAGE_NAME = LaunchImage;
				GCC_PRECOMPILE_PREFIX_HEADER = YES;
				GCC_PREFIX_HEADER = "PinterestFeature/PinterestFeature-Prefix.pch";
				INFOPLIST_FILE = "PinterestFeature/PinterestFeature-Info.plist";
				PRODUCT_NAME = "$(TARGET_NAME)";
				WRAPPER_EXTENSION = app;
			};
			name = Debug;
		};
		429CD2D8182FE5780008D65B /* Release */ = {
			isa = XCBuildConfiguration;
			buildSettings = {
				ASSETCATALOG_COMPILER_APPICON_NAME = AppIcon;
				ASSETCATALOG_COMPILER_LAUNCHIMAGE_NAME = LaunchImage;
				GCC_PRECOMPILE_PREFIX_HEADER = YES;
				GCC_PREFIX_HEADER = "PinterestFeature/PinterestFeature-Prefix.pch";
				INFOPLIST_FILE = "PinterestFeature/PinterestFeature-Info.plist";
				PRODUCT_NAME = "$(TARGET_NAME)";
				WRAPPER_EXTENSION = app;
			};
			name = Release;
		};
		429CD2DA182FE5780008D65B /* Debug */ = {
			isa = XCBuildConfiguration;
			buildSettings = {
				ARCHS = "$(ARCHS_STANDARD_INCLUDING_64_BIT)";
				BUNDLE_LOADER = "$(BUILT_PRODUCTS_DIR)/PinterestFeature.app/PinterestFeature";
				FRAMEWORK_SEARCH_PATHS = (
					"$(SDKROOT)/Developer/Library/Frameworks",
					"$(inherited)",
					"$(DEVELOPER_FRAMEWORKS_DIR)",
				);
				GCC_PRECOMPILE_PREFIX_HEADER = YES;
				GCC_PREFIX_HEADER = "PinterestFeature/PinterestFeature-Prefix.pch";
				GCC_PREPROCESSOR_DEFINITIONS = (
					"DEBUG=1",
					"$(inherited)",
				);
				INFOPLIST_FILE = "PinterestFeatureTests/PinterestFeatureTests-Info.plist";
				PRODUCT_NAME = "$(TARGET_NAME)";
				TEST_HOST = "$(BUNDLE_LOADER)";
				WRAPPER_EXTENSION = xctest;
			};
			name = Debug;
		};
		429CD2DB182FE5780008D65B /* Release */ = {
			isa = XCBuildConfiguration;
			buildSettings = {
				ARCHS = "$(ARCHS_STANDARD_INCLUDING_64_BIT)";
				BUNDLE_LOADER = "$(BUILT_PRODUCTS_DIR)/PinterestFeature.app/PinterestFeature";
				FRAMEWORK_SEARCH_PATHS = (
					"$(SDKROOT)/Developer/Library/Frameworks",
					"$(inherited)",
					"$(DEVELOPER_FRAMEWORKS_DIR)",
				);
				GCC_PRECOMPILE_PREFIX_HEADER = YES;
				GCC_PREFIX_HEADER = "PinterestFeature/PinterestFeature-Prefix.pch";
				INFOPLIST_FILE = "PinterestFeatureTests/PinterestFeatureTests-Info.plist";
				PRODUCT_NAME = "$(TARGET_NAME)";
				TEST_HOST = "$(BUNDLE_LOADER)";
				WRAPPER_EXTENSION = xctest;
			};
			name = Release;
		};
/* End XCBuildConfiguration section */

/* Begin XCConfigurationList section */
		429CD2A5182FE5780008D65B /* Build configuration list for PBXProject "PinterestFeature" */ = {
			isa = XCConfigurationList;
			buildConfigurations = (
				429CD2D4182FE5780008D65B /* Debug */,
				429CD2D5182FE5780008D65B /* Release */,
			);
			defaultConfigurationIsVisible = 0;
			defaultConfigurationName = Release;
		};
		429CD2D6182FE5780008D65B /* Build configuration list for PBXNativeTarget "PinterestFeature" */ = {
			isa = XCConfigurationList;
			buildConfigurations = (
				429CD2D7182FE5780008D65B /* Debug */,
				429CD2D8182FE5780008D65B /* Release */,
			);
			defaultConfigurationIsVisible = 0;
		};
		429CD2D9182FE5780008D65B /* Build configuration list for PBXNativeTarget "PinterestFeatureTests" */ = {
			isa = XCConfigurationList;
			buildConfigurations = (
				429CD2DA182FE5780008D65B /* Debug */,
				429CD2DB182FE5780008D65B /* Release */,
			);
			defaultConfigurationIsVisible = 0;
		};
/* End XCConfigurationList section */
	};
	rootObject = 429CD2A2182FE5780008D65B /* Project object */;
}
